
Microsoft Visual Studio Solution File, Format Version 12.00
# Visual Studio 15
VisualStudioVersion = 15.0.26730.10
MinimumVisualStudioVersion = 10.0.40219.1
Project("{FAE04EC0-301F-11D3-BF4B-00C04F79EFBC}") = "YoutubeDownloader-GUI", "YoutubeDownloader-GUI\YoutubeDownloader-GUI.csproj", "{1ED53FBC-4468-4F8E-9617-C9B9A538084E}"
EndProject
Global
	GlobalSection(SolutionConfigurationPlatforms) = preSolution
		Debug|Any CPU = Debug|Any CPU
		Release|Any CPU = Release|Any CPU
	EndGlobalSection
	GlobalSection(ProjectConfigurationPlatforms) = postSolution
		{1ED53FBC-4468-4F8E-9617-C9B9A538084E}.Debug|Any CPU.ActiveCfg = Debug|Any CPU
		{1ED53FBC-4468-4F8E-9617-C9B9A538084E}.Debug|Any CPU.Build.0 = Debug|Any CPU
		{1ED53FBC-4468-4F8E-9617-C9B9A538084E}.Release|Any CPU.ActiveCfg = Release|Any CPU
		{1ED53FBC-4468-4F8E-9617-C9B9A538084E}.Release|Any CPU.Build.0 = Release|Any CPU
	EndGlobalSection
	GlobalSection(SolutionProperties) = preSolution
		HideSolutionNode = FALSE
	EndGlobalSection
	GlobalSection(ExtensibilityGlobals) = postSolution
		SolutionGuid = {271B7CA5-9CB2-4AC3-8F4E-FF2B1EFC18D5}
	EndGlobalSection
EndGlobal
